# THIS IS AN AUTOGENERATED FILE. DO NOT EDIT THIS FILE DIRECTLY.
# yarn lockfile v1


eventemitter3@^2.0.3:
  version "2.0.3"
  resolved "https://registry.yarnpkg.com/eventemitter3/-/eventemitter3-2.0.3.tgz#b5e1079b59fb5e1ba2771c0a993be060a58c99ba"

micro-signals@^1.1.1:
  version "1.1.1"
  resolved "https://registry.yarnpkg.com/micro-signals/-/micro-signals-1.1.1.tgz#b2175f5a23be8e41d0dc3c654b5f7f2e73eb0339"

microevent@^1.0.0:
  version "1.0.0"
  resolved "https://registry.yarnpkg.com/microevent/-/microevent-1.0.0.tgz#aa4a1316e095f5bac5836cb3ea934548e4b41ad3"
